PODS:
  - GoogleDataTransport (9.1.2):
    - GoogleUtilities/Environment (~> 7.2)
    - nanopb (~> 2.30908.0)
    - PromisesObjC (< 3.0, >= 1.2)
  - GoogleMLKit/BarcodeScanning (2.4.0):
    - GoogleMLKit/MLKitCore
    - MLKitBarcodeScanning (~> 1.5.0)
  - GoogleMLKit/FaceDetection (2.4.0):
    - GoogleMLKit/MLKitCore
    - MLKitFaceDetection (~> 1.4.0)
  - GoogleMLKit/ImageLabeling (2.4.0):
    - GoogleMLKit/MLKitCore
    - MLKitImageLabeling (~> 1.4.0)
  - GoogleMLKit/ImageLabelingCustom (2.4.0):
    - GoogleMLKit/MLKitCore
    - MLKitImageLabelingCustom (~> 1.4.0)
  - GoogleMLKit/MLKitCore (2.4.0):
    - MLKitCommon (~> 4.0.0)
  - GoogleMLKit/ObjectDetection (2.4.0):
    - GoogleMLKit/MLKitCore
    - MLKitObjectDetection (~> 1.4.0)
  - GoogleMLKit/ObjectDetectionCustom (2.4.0):
    - GoogleMLKit/MLKitCore
    - MLKitObjectDetectionCustom (~> 1.4.0)
  - GoogleMLKit/PoseDetection (2.4.0):
    - GoogleMLKit/MLKitCore
    - MLKitPoseDetection (~> 1.0.0-beta6)
  - GoogleMLKit/PoseDetectionAccurate (2.4.0):
    - GoogleMLKit/MLKitCore
    - MLKitPoseDetectionAccurate (~> 1.0.0-beta6)
  - GoogleMLKit/SegmentationSelfie (2.4.0):
    - GoogleMLKit/MLKitCore
    - MLKitSegmentationSelfie (~> 1.0.0-beta4)
  - GoogleMLKit/TextRecognition (2.4.0):
    - GoogleMLKit/MLKitCore
    - MLKitTextRecognition (~> 1.4.0-beta2)
  - GoogleMLKit/TextRecognitionChinese (2.4.0):
    - GoogleMLKit/MLKitCore
    - MLKitTextRecognitionChinese (~> 1.0.0-beta2)
  - GoogleMLKit/TextRecognitionDevanagari (2.4.0):
    - GoogleMLKit/MLKitCore
    - MLKitTextRecognitionDevanagari (~> 1.0.0-beta2)
  - GoogleMLKit/TextRecognitionJapanese (2.4.0):
    - GoogleMLKit/MLKitCore
    - MLKitTextRecognitionJapanese (~> 1.0.0-beta2)
  - GoogleMLKit/TextRecognitionKorean (2.4.0):
    - GoogleMLKit/MLKitCore
    - MLKitTextRecognitionKorean (~> 1.0.0-beta2)
  - GoogleToolboxForMac/DebugUtils (2.3.2):
    - GoogleToolboxForMac/Defines (= 2.3.2)
  - GoogleToolboxForMac/Defines (2.3.2)
  - GoogleToolboxForMac/Logger (2.3.2):
    - GoogleToolboxForMac/Defines (= 2.3.2)
  - "GoogleToolboxForMac/NSData+zlib (2.3.2)":
    - GoogleToolboxForMac/Defines (= 2.3.2)
  - "GoogleToolboxForMac/NSDictionary+URLArguments (2.3.2)":
    - GoogleToolboxForMac/DebugUtils (= 2.3.2)
    - GoogleToolboxForMac/Defines (= 2.3.2)
    - "GoogleToolboxForMac/NSString+URLArguments (= 2.3.2)"
  - "GoogleToolboxForMac/NSString+URLArguments (2.3.2)"
  - GoogleUtilities/Environment (7.6.0):
    - PromisesObjC (< 3.0, >= 1.2)
  - GoogleUtilities/Logger (7.6.0):
    - GoogleUtilities/Environment
  - GoogleUtilities/UserDefaults (7.6.0):
    - GoogleUtilities/Logger
  - GoogleUtilitiesComponents (1.1.0):
    - GoogleUtilities/Logger
  - GTMSessionFetcher/Core (1.7.0)
  - MLImage (1.0.0-beta1)
  - MLKitBarcodeScanning (1.5.0):
    - MLKitCommon (~> 4.0)
    - MLKitVision (~> 2.0)
  - MLKitCommon (4.0.0):
    - GoogleDataTransport (~> 9.0)
    - GoogleToolboxForMac/Logger (~> 2.1)
    - "GoogleToolboxForMac/NSData+zlib (~> 2.1)"
    - "GoogleToolboxForMac/NSDictionary+URLArguments (~> 2.1)"
    - GoogleUtilities/UserDefaults (~> 7.0)
    - GoogleUtilitiesComponents (~> 1.0)
    - GTMSessionFetcher/Core (~> 1.1)
    - Protobuf (~> 3.12)
  - MLKitFaceDetection (1.4.0):
    - MLKitCommon (~> 4.0)
    - MLKitVision (~> 2.0)
  - MLKitImageLabeling (1.4.0):
    - MLKitCommon (~> 4.0)
    - MLKitImageLabelingCommon (~> 2.0)
    - MLKitVision (~> 2.0)
    - MLKitVisionKit (~> 3.0)
  - MLKitImageLabelingCommon (2.0.0):
    - MLKitCommon (~> 4.0)
    - MLKitVision (~> 2.0)
  - MLKitImageLabelingCustom (1.4.0):
    - MLKitCommon (~> 4.0)
    - MLKitImageLabelingCommon (~> 2.0)
    - MLKitVision (~> 2.0)
    - MLKitVisionKit (~> 3.0)
  - MLKitObjectDetection (1.4.0):
    - MLKitCommon (~> 4.0)
    - MLKitObjectDetectionCommon (~> 2.0)
    - MLKitVision (~> 2.0)
    - MLKitVisionKit (~> 3.0)
  - MLKitObjectDetectionCommon (2.0.0):
    - MLKitCommon (~> 4.0)
    - MLKitVision (~> 2.0)
  - MLKitObjectDetectionCustom (1.4.0):
    - MLKitCommon (~> 4.0)
    - MLKitObjectDetectionCommon (~> 2.0)
    - MLKitVision (~> 2.0)
    - MLKitVisionKit (~> 3.0)
  - MLKitPoseDetection (1.0.0-beta6):
    - MLKitCommon (~> 4.0)
    - MLKitPoseDetectionCommon (= 1.0.0-beta6)
    - MLKitXenoCommon (= 1.0.0-beta6)
  - MLKitPoseDetectionAccurate (1.0.0-beta6):
    - MLKitCommon (~> 4.0)
    - MLKitPoseDetectionCommon (= 1.0.0-beta6)
    - MLKitXenoCommon (= 1.0.0-beta6)
  - MLKitPoseDetectionCommon (1.0.0-beta6):
    - MLKitCommon (~> 4.0)
    - MLKitXenoCommon (= 1.0.0-beta6)
  - MLKitSegmentationCommon (1.0.0-beta4):
    - MLKitCommon (~> 4.0)
    - MLKitXenoCommon (= 1.0.0-beta6)
  - MLKitSegmentationSelfie (1.0.0-beta4):
    - MLKitSegmentationCommon (= 1.0.0-beta4)
  - MLKitTextRecognition (1.4.0-beta2):
    - MLKitCommon (~> 4.0)
    - MLKitTextRecognitionCommon (= 1.0.0-beta2)
    - MLKitVision (~> 2.0)
  - MLKitTextRecognitionChinese (1.0.0-beta2):
    - MLKitCommon (~> 4.0)
    - MLKitTextRecognitionCommon (= 1.0.0-beta2)
    - MLKitVision (~> 2.0)
  - MLKitTextRecognitionCommon (1.0.0-beta2):
    - MLKitCommon (~> 4.0)
    - MLKitVision (~> 2.0)
  - MLKitTextRecognitionDevanagari (1.0.0-beta2):
    - MLKitCommon (~> 4.0)
    - MLKitTextRecognitionCommon (= 1.0.0-beta2)
    - MLKitVision (~> 2.0)
  - MLKitTextRecognitionJapanese (1.0.0-beta2):
    - MLKitCommon (~> 4.0)
    - MLKitTextRecognitionCommon (= 1.0.0-beta2)
    - MLKitVision (~> 2.0)
  - MLKitTextRecognitionKorean (1.0.0-beta2):
    - MLKitCommon (~> 4.0)
    - MLKitTextRecognitionCommon (= 1.0.0-beta2)
    - MLKitVision (~> 2.0)
  - MLKitVision (2.0.0):
    - GoogleToolboxForMac/Logger (~> 2.1)
    - "GoogleToolboxForMac/NSData+zlib (~> 2.1)"
    - GTMSessionFetcher/Core (~> 1.1)
    - MLImage (= 1.0.0-beta1)
    - MLKitCommon (~> 4.0)
    - Protobuf (~> 3.12)
  - MLKitVisionKit (3.0.0):
    - MLKitCommon (~> 4.0)
    - MLKitImageLabelingCommon (~> 2.0)
    - MLKitObjectDetectionCommon (~> 2.0)
    - MLKitVision (~> 2.0)
  - MLKitXenoCommon (1.0.0-beta6):
    - MLKitCommon (~> 4.0)
    - MLKitVision (~> 2.0)
  - nanopb (2.30908.0):
    - nanopb/decode (= 2.30908.0)
    - nanopb/encode (= 2.30908.0)
  - nanopb/decode (2.30908.0)
  - nanopb/encode (2.30908.0)
  - PromisesObjC (2.0.0)
  - Protobuf (3.19.1)

DEPENDENCIES:
  - GoogleMLKit/BarcodeScanning (= 2.4.0)
  - GoogleMLKit/FaceDetection (= 2.4.0)
  - GoogleMLKit/ImageLabeling (= 2.4.0)
  - GoogleMLKit/ImageLabelingCustom (= 2.4.0)
  - GoogleMLKit/ObjectDetection (= 2.4.0)
  - GoogleMLKit/ObjectDetectionCustom (= 2.4.0)
  - GoogleMLKit/PoseDetection (= 2.4.0)
  - GoogleMLKit/PoseDetectionAccurate (= 2.4.0)
  - GoogleMLKit/SegmentationSelfie (= 2.4.0)
  - GoogleMLKit/TextRecognition (= 2.4.0)
  - GoogleMLKit/TextRecognitionChinese (= 2.4.0)
  - GoogleMLKit/TextRecognitionDevanagari (= 2.4.0)
  - GoogleMLKit/TextRecognitionJapanese (= 2.4.0)
  - GoogleMLKit/TextRecognitionKorean (= 2.4.0)

SPEC REPOS:
  trunk:
    - GoogleDataTransport
    - GoogleMLKit
    - GoogleToolboxForMac
    - GoogleUtilities
    - GoogleUtilitiesComponents
    - GTMSessionFetcher
    - MLImage
    - MLKitBarcodeScanning
    - MLKitCommon
    - MLKitFaceDetection
    - MLKitImageLabeling
    - MLKitImageLabelingCommon
    - MLKitImageLabelingCustom
    - MLKitObjectDetection
    - MLKitObjectDetectionCommon
    - MLKitObjectDetectionCustom
    - MLKitPoseDetection
    - MLKitPoseDetectionAccurate
    - MLKitPoseDetectionCommon
    - MLKitSegmentationCommon
    - MLKitSegmentationSelfie
    - MLKitTextRecognition
    - MLKitTextRecognitionChinese
    - MLKitTextRecognitionCommon
    - MLKitTextRecognitionDevanagari
    - MLKitTextRecognitionJapanese
    - MLKitTextRecognitionKorean
    - MLKitVision
    - MLKitVisionKit
    - MLKitXenoCommon
    - nanopb
    - PromisesObjC
    - Protobuf

SPEC CHECKSUMS:
  GoogleDataTransport: 629c20a4d363167143f30ea78320d5a7eb8bd940
  GoogleMLKit: db5007bddb78dedf52b60f4038d32e7bd006b519
  GoogleToolboxForMac: 8bef7c7c5cf7291c687cf5354f39f9db6399ad34
  GoogleUtilities: 684ee790a24f73ebb2d1d966e9711c203f2a4237
  GoogleUtilitiesComponents: 679b2c881db3b615a2777504623df6122dd20afe
  GTMSessionFetcher: 43748f93435c2aa068b1cbe39655aaf600652e91
  MLImage: 647f3d580c10b3c9a3f6154f5d7baead60c42a0c
  MLKitBarcodeScanning: 9fee06fcf50972f0d816ac8a6af29cee9838e6a6
  MLKitCommon: 923bcf261636f36af5fbf329b1643ea3cd69468b
  MLKitFaceDetection: afd94cc8cf6edb01a07e36d3e31f1ee50891236e
  MLKitImageLabeling: e231d417e0dd61fd55968b816a2325689a73711c
  MLKitImageLabelingCommon: de04cc0c42e32e6ab95de1ed28197e1967d1cc6a
  MLKitImageLabelingCustom: 955fdf533fc62bca20009fd73597e256e7661aa3
  MLKitObjectDetection: 8d6e2b72cfe914701533a5473307c57007c49f0d
  MLKitObjectDetectionCommon: bf21d65ff3ad05fe11164b4c4e4dfd1f5cca84b7
  MLKitObjectDetectionCustom: b612e2e1b6dc0a5d88356479f7fb77562e470e3a
  MLKitPoseDetection: 5a8af23243c61847a8a21a701323013928d582e5
  MLKitPoseDetectionAccurate: 044ee9552cf0b250e1a44898ba22d7907606c904
  MLKitPoseDetectionCommon: 81118faea07e76c94f8b28dd0d7be7c4ba05cf90
  MLKitSegmentationCommon: aa8cf4f75419c23c65be0f3083fdc691f5747ea6
  MLKitSegmentationSelfie: e591b161a352838c9480f5e3f2910387691ed3c1
  MLKitTextRecognition: 42eecbc7d269d3c6a2d5ff8f3d55f55c1a30932c
  MLKitTextRecognitionChinese: 40e65b731d3ee7462c44a0155943db388820a302
  MLKitTextRecognitionCommon: 1028c20111848c08c82deba94a09ac352725c865
  MLKitTextRecognitionDevanagari: a1dd4d4392c5f72548dcedcc8a2024f493168719
  MLKitTextRecognitionJapanese: 81592568d72ecf29f6eece9df4202d613b5bbef8
  MLKitTextRecognitionKorean: 5cae3e4b011cb7ea0d51bb2025189534d4b54fa9
  MLKitVision: 53b8f93a864c8d9740f7f09041911f2e64150ec8
  MLKitVisionKit: 01b691332ab14e60b39560bab955932c7303b76f
  MLKitXenoCommon: ce52d85cd494127a9d886a4ad58e56fc61dea142
  nanopb: a0ba3315591a9ae0a16a309ee504766e90db0c96
  PromisesObjC: 68159ce6952d93e17b2dfe273b8c40907db5ba58
  Protobuf: 3724efa50cb2846d7ccebc8691c574e85fd74471

PODFILE CHECKSUM: 6aea0195aded3035dbcb7287e55f8c0b846cb17f

COCOAPODS: 1.11.2
