// !$*UTF8*$!
{
	archiveVersion = 1;
	classes = {
	};
	objectVersion = 50;
	objects = {

/* Begin PBXBuildFile section */
		F26CBA80275460EE00569876 /* posefitMVPApp.swift in Sources */ = {isa = PBXBuildFile; fileRef = F26CBA7F275460EE00569876 /* posefitMVPApp.swift */; };
		F26CBA82275460EE00569876 /* ContentView.swift in Sources */ = {isa = PBXBuildFile; fileRef = F26CBA81275460EE00569876 /* ContentView.swift */; };
		F26CBA84275460EF00569876 /* Assets.xcassets in Resources */ = {isa = PBXBuildFile; fileRef = F26CBA83275460EF00569876 /* Assets.xcassets */; };
		F26CBA87275460EF00569876 /* Preview Assets.xcassets in Resources */ = {isa = PBXBuildFile; fileRef = F26CBA86275460EF00569876 /* Preview Assets.xcassets */; };
		F26CBA89275460EF00569876 /* Persistence.swift in Sources */ = {isa = PBXBuildFile; fileRef = F26CBA88275460EF00569876 /* Persistence.swift */; };
		F26CBA8C275460EF00569876 /* posefitMVP.xcdatamodeld in Sources */ = {isa = PBXBuildFile; fileRef = F26CBA8A275460EF00569876 /* posefitMVP.xcdatamodeld */; };
		F26CBA97275460F000569876 /* posefitMVPTests.swift in Sources */ = {isa = PBXBuildFile; fileRef = F26CBA96275460F000569876 /* posefitMVPTests.swift */; };
		F26CBAA2275460F000569876 /* posefitMVPUITests.swift in Sources */ = {isa = PBXBuildFile; fileRef = F26CBAA1275460F000569876 /* posefitMVPUITests.swift */; };
/* End PBXBuildFile section */

/* Begin PBXContainerItemProxy section */
		F26CBA93275460F000569876 /* PBXContainerItemProxy */ = {
			isa = PBXContainerItemProxy;
			containerPortal = F26CBA74275460EE00569876 /* Project object */;
			proxyType = 1;
			remoteGlobalIDString = F26CBA7B275460EE00569876;
			remoteInfo = posefitMVP;
		};
		F26CBA9E275460F000569876 /* PBXContainerItemProxy */ = {
			isa = PBXContainerItemProxy;
			containerPortal = F26CBA74275460EE00569876 /* Project object */;
			proxyType = 1;
			remoteGlobalIDString = F26CBA7B275460EE00569876;
			remoteInfo = posefitMVP;
		};
/* End PBXContainerItemProxy section */

/* Begin PBXFileReference section */
		F26CBA7C275460EE00569876 /* posefitMVP.app */ = {isa = PBXFileReference; explicitFileType = wrapper.application; includeInIndex = 0; path = posefitMVP.app; sourceTree = BUILT_PRODUCTS_DIR; };
		F26CBA7F275460EE00569876 /* posefitMVPApp.swift */ = {isa = PBXFileReference; lastKnownFileType = sourcecode.swift; path = posefitMVPApp.swift; sourceTree = "<group>"; };
		F26CBA81275460EE00569876 /* ContentView.swift */ = {isa = PBXFileReference; lastKnownFileType = sourcecode.swift; path = ContentView.swift; sourceTree = "<group>"; };
		F26CBA83275460EF00569876 /* Assets.xcassets */ = {isa = PBXFileReference; lastKnownFileType = folder.assetcatalog; path = Assets.xcassets; sourceTree = "<group>"; };
		F26CBA86275460EF00569876 /* Preview Assets.xcassets */ = {isa = PBXFileReference; lastKnownFileType = folder.assetcatalog; path = "Preview Assets.xcassets"; sourceTree = "<group>"; };
		F26CBA88275460EF00569876 /* Persistence.swift */ = {isa = PBXFileReference; lastKnownFileType = sourcecode.swift; path = Persistence.swift; sourceTree = "<group>"; };
		F26CBA8B275460EF00569876 /* posefitMVP.xcdatamodel */ = {isa = PBXFileReference; lastKnownFileType = wrapper.xcdatamodel; path = posefitMVP.xcdatamodel; sourceTree = "<group>"; };
		F26CBA8D275460EF00569876 /* Info.plist */ = {isa = PBXFileReference; lastKnownFileType = text.plist.xml; path = Info.plist; sourceTree = "<group>"; };
		F26CBA92275460F000569876 /* posefitMVPTests.xctest */ = {isa = PBXFileReference; explicitFileType = wrapper.cfbundle; includeInIndex = 0; path = posefitMVPTests.xctest; sourceTree = BUILT_PRODUCTS_DIR; };
		F26CBA96275460F000569876 /* posefitMVPTests.swift */ = {isa = PBXFileReference; lastKnownFileType = sourcecode.swift; path = posefitMVPTests.swift; sourceTree = "<group>"; };
		F26CBA98275460F000569876 /* Info.plist */ = {isa = PBXFileReference; lastKnownFileType = text.plist.xml; path = Info.plist; sourceTree = "<group>"; };
		F26CBA9D275460F000569876 /* posefitMVPUITests.xctest */ = {isa = PBXFileReference; explicitFileType = wrapper.cfbundle; includeInIndex = 0; path = posefitMVPUITests.xctest; sourceTree = BUILT_PRODUCTS_DIR; };
		F26CBAA1275460F000569876 /* posefitMVPUITests.swift */ = {isa = PBXFileReference; lastKnownFileType = sourcecode.swift; path = posefitMVPUITests.swift; sourceTree = "<group>"; };
		F26CBAA3275460F000569876 /* Info.plist */ = {isa = PBXFileReference; lastKnownFileType = text.plist.xml; path = Info.plist; sourceTree = "<group>"; };
/* End PBXFileReference section */

/* Begin PBXFrameworksBuildPhase section */
		F26CBA79275460EE00569876 /* Frameworks */ = {
			isa = PBXFrameworksBuildPhase;
			buildActionMask = 2147483647;
			files = (
			);
			runOnlyForDeploymentPostprocessing = 0;
		};
		F26CBA8F275460F000569876 /* Frameworks */ = {
			isa = PBXFrameworksBuildPhase;
			buildActionMask = 2147483647;
			files = (
			);
			runOnlyForDeploymentPostprocessing = 0;
		};
		F26CBA9A275460F000569876 /* Frameworks */ = {
			isa = PBXFrameworksBuildPhase;
			buildActionMask = 2147483647;
			files = (
			);
			runOnlyForDeploymentPostprocessing = 0;
		};
/* End PBXFrameworksBuildPhase section */

/* Begin PBXGroup section */
		F26CBA73275460EE00569876 = {
			isa = PBXGroup;
			children = (
				F26CBA7E275460EE00569876 /* posefitMVP */,
				F26CBA95275460F000569876 /* posefitMVPTests */,
				F26CBAA0275460F000569876 /* posefitMVPUITests */,
				F26CBA7D275460EE00569876 /* Products */,
			);
			sourceTree = "<group>";
		};
		F26CBA7D275460EE00569876 /* Products */ = {
			isa = PBXGroup;
			children = (
				F26CBA7C275460EE00569876 /* posefitMVP.app */,
				F26CBA92275460F000569876 /* posefitMVPTests.xctest */,
				F26CBA9D275460F000569876 /* posefitMVPUITests.xctest */,
			);
			name = Products;
			sourceTree = "<group>";
		};
		F26CBA7E275460EE00569876 /* posefitMVP */ = {
			isa = PBXGroup;
			children = (
				F26CBA7F275460EE00569876 /* posefitMVPApp.swift */,
				F26CBA81275460EE00569876 /* ContentView.swift */,
				F26CBA83275460EF00569876 /* Assets.xcassets */,
				F26CBA88275460EF00569876 /* Persistence.swift */,
				F26CBA8D275460EF00569876 /* Info.plist */,
				F26CBA8A275460EF00569876 /* posefitMVP.xcdatamodeld */,
				F26CBA85275460EF00569876 /* Preview Content */,
			);
			path = posefitMVP;
			sourceTree = "<group>";
		};
		F26CBA85275460EF00569876 /* Preview Content */ = {
			isa = PBXGroup;
			children = (
				F26CBA86275460EF00569876 /* Preview Assets.xcassets */,
			);
			path = "Preview Content";
			sourceTree = "<group>";
		};
		F26CBA95275460F000569876 /* posefitMVPTests */ = {
			isa = PBXGroup;
			children = (
				F26CBA96275460F000569876 /* posefitMVPTests.swift */,
				F26CBA98275460F000569876 /* Info.plist */,
			);
			path = posefitMVPTests;
			sourceTree = "<group>";
		};
		F26CBAA0275460F000569876 /* posefitMVPUITests */ = {
			isa = PBXGroup;
			children = (
				F26CBAA1275460F000569876 /* posefitMVPUITests.swift */,
				F26CBAA3275460F000569876 /* Info.plist */,
			);
			path = posefitMVPUITests;
			sourceTree = "<group>";
		};
/* End PBXGroup section */

/* Begin PBXNativeTarget section */
		F26CBA7B275460EE00569876 /* posefitMVP */ = {
			isa = PBXNativeTarget;
			buildConfigurationList = F26CBAA6275460F000569876 /* Build configuration list for PBXNativeTarget "posefitMVP" */;
			buildPhases = (
				F26CBA78275460EE00569876 /* Sources */,
				F26CBA79275460EE00569876 /* Frameworks */,
				F26CBA7A275460EE00569876 /* Resources */,
			);
			buildRules = (
			);
			dependencies = (
			);
			name = posefitMVP;
			productName = posefitMVP;
			productReference = F26CBA7C275460EE00569876 /* posefitMVP.app */;
			productType = "com.apple.product-type.application";
		};
		F26CBA91275460F000569876 /* posefitMVPTests */ = {
			isa = PBXNativeTarget;
			buildConfigurationList = F26CBAA9275460F000569876 /* Build configuration list for PBXNativeTarget "posefitMVPTests" */;
			buildPhases = (
				F26CBA8E275460F000569876 /* Sources */,
				F26CBA8F275460F000569876 /* Frameworks */,
				F26CBA90275460F000569876 /* Resources */,
			);
			buildRules = (
			);
			dependencies = (
				F26CBA94275460F000569876 /* PBXTargetDependency */,
			);
			name = posefitMVPTests;
			productName = posefitMVPTests;
			productReference = F26CBA92275460F000569876 /* posefitMVPTests.xctest */;
			productType = "com.apple.product-type.bundle.unit-test";
		};
		F26CBA9C275460F000569876 /* posefitMVPUITests */ = {
			isa = PBXNativeTarget;
			buildConfigurationList = F26CBAAC275460F000569876 /* Build configuration list for PBXNativeTarget "posefitMVPUITests" */;
			buildPhases = (
				F26CBA99275460F000569876 /* Sources */,
				F26CBA9A275460F000569876 /* Frameworks */,
				F26CBA9B275460F000569876 /* Resources */,
			);
			buildRules = (
			);
			dependencies = (
				F26CBA9F275460F000569876 /* PBXTargetDependency */,
			);
			name = posefitMVPUITests;
			productName = posefitMVPUITests;
			productReference = F26CBA9D275460F000569876 /* posefitMVPUITests.xctest */;
			productType = "com.apple.product-type.bundle.ui-testing";
		};
/* End PBXNativeTarget section */

/* Begin PBXProject section */
		F26CBA74275460EE00569876 /* Project object */ = {
			isa = PBXProject;
			attributes = {
				LastSwiftUpdateCheck = 1250;
				LastUpgradeCheck = 1250;
				TargetAttributes = {
					F26CBA7B275460EE00569876 = {
						CreatedOnToolsVersion = 12.5.1;
					};
					F26CBA91275460F000569876 = {
						CreatedOnToolsVersion = 12.5.1;
						TestTargetID = F26CBA7B275460EE00569876;
					};
					F26CBA9C275460F000569876 = {
						CreatedOnToolsVersion = 12.5.1;
						TestTargetID = F26CBA7B275460EE00569876;
					};
				};
			};
			buildConfigurationList = F26CBA77275460EE00569876 /* Build configuration list for PBXProject "posefitMVP" */;
			compatibilityVersion = "Xcode 9.3";
			developmentRegion = en;
			hasScannedForEncodings = 0;
			knownRegions = (
				en,
				Base,
			);
			mainGroup = F26CBA73275460EE00569876;
			productRefGroup = F26CBA7D275460EE00569876 /* Products */;
			projectDirPath = "";
			projectRoot = "";
			targets = (
				F26CBA7B275460EE00569876 /* posefitMVP */,
				F26CBA91275460F000569876 /* posefitMVPTests */,
				F26CBA9C275460F000569876 /* posefitMVPUITests */,
			);
		};
/* End PBXProject section */

/* Begin PBXResourcesBuildPhase section */
		F26CBA7A275460EE00569876 /* Resources */ = {
			isa = PBXResourcesBuildPhase;
			buildActionMask = 2147483647;
			files = (
				F26CBA87275460EF00569876 /* Preview Assets.xcassets in Resources */,
				F26CBA84275460EF00569876 /* Assets.xcassets in Resources */,
			);
			runOnlyForDeploymentPostprocessing = 0;
		};
		F26CBA90275460F000569876 /* Resources */ = {
			isa = PBXResourcesBuildPhase;
			buildActionMask = 2147483647;
			files = (
			);
			runOnlyForDeploymentPostprocessing = 0;
		};
		F26CBA9B275460F000569876 /* Resources */ = {
			isa = PBXResourcesBuildPhase;
			buildActionMask = 2147483647;
			files = (
			);
			runOnlyForDeploymentPostprocessing = 0;
		};
/* End PBXResourcesBuildPhase section */

/* Begin PBXSourcesBuildPhase section */
		F26CBA78275460EE00569876 /* Sources */ = {
			isa = PBXSourcesBuildPhase;
			buildActionMask = 2147483647;
			files = (
				F26CBA8C275460EF00569876 /* posefitMVP.xcdatamodeld in Sources */,
				F26CBA89275460EF00569876 /* Persistence.swift in Sources */,
				F26CBA82275460EE00569876 /* ContentView.swift in Sources */,
				F26CBA80275460EE00569876 /* posefitMVPApp.swift in Sources */,
			);
			runOnlyForDeploymentPostprocessing = 0;
		};
		F26CBA8E275460F000569876 /* Sources */ = {
			isa = PBXSourcesBuildPhase;
			buildActionMask = 2147483647;
			files = (
				F26CBA97275460F000569876 /* posefitMVPTests.swift in Sources */,
			);
			runOnlyForDeploymentPostprocessing = 0;
		};
		F26CBA99275460F000569876 /* Sources */ = {
			isa = PBXSourcesBuildPhase;
			buildActionMask = 2147483647;
			files = (
				F26CBAA2275460F000569876 /* posefitMVPUITests.swift in Sources */,
			);
			runOnlyForDeploymentPostprocessing = 0;
		};
/* End PBXSourcesBuildPhase section */

/* Begin PBXTargetDependency section */
		F26CBA94275460F000569876 /* PBXTargetDependency */ = {
			isa = PBXTargetDependency;
			target = F26CBA7B275460EE00569876 /* posefitMVP */;
			targetProxy = F26CBA93275460F000569876 /* PBXContainerItemProxy */;
		};
		F26CBA9F275460F000569876 /* PBXTargetDependency */ = {
			isa = PBXTargetDependency;
			target = F26CBA7B275460EE00569876 /* posefitMVP */;
			targetProxy = F26CBA9E275460F000569876 /* PBXContainerItemProxy */;
		};
/* End PBXTargetDependency section */

/* Begin XCBuildConfiguration section */
		F26CBAA4275460F000569876 /* Debug */ = {
			isa = XCBuildConfiguration;
			buildSettings = {
				ALWAYS_SEARCH_USER_PATHS = NO;
				CLANG_ANALYZER_NONNULL = YES;
				CLANG_ANALYZER_NUMBER_OBJECT_CONVERSION = YES_AGGRESSIVE;
				CLANG_CXX_LANGUAGE_STANDARD = "gnu++14";
				CLANG_CXX_LIBRARY = "libc++";
				CLANG_ENABLE_MODULES = YES;
				CLANG_ENABLE_OBJC_ARC = YES;
				CLANG_ENABLE_OBJC_WEAK = YES;
				CLANG_WARN_BLOCK_CAPTURE_AUTORELEASING = YES;
				CLANG_WARN_BOOL_CONVERSION = YES;
				CLANG_WARN_COMMA = YES;
				CLANG_WARN_CONSTANT_CONVERSION = YES;
				CLANG_WARN_DEPRECATED_OBJC_IMPLEMENTATIONS = YES;
				CLANG_WARN_DIRECT_OBJC_ISA_USAGE = YES_ERROR;
				CLANG_WARN_DOCUMENTATION_COMMENTS = YES;
				CLANG_WARN_EMPTY_BODY = YES;
				CLANG_WARN_ENUM_CONVERSION = YES;
				CLANG_WARN_INFINITE_RECURSION = YES;
				CLANG_WARN_INT_CONVERSION = YES;
				CLANG_WARN_NON_LITERAL_NULL_CONVERSION = YES;
				CLANG_WARN_OBJC_IMPLICIT_RETAIN_SELF = YES;
				CLANG_WARN_OBJC_LITERAL_CONVERSION = YES;
				CLANG_WARN_OBJC_ROOT_CLASS = YES_ERROR;
				CLANG_WARN_QUOTED_INCLUDE_IN_FRAMEWORK_HEADER = YES;
				CLANG_WARN_RANGE_LOOP_ANALYSIS = YES;
				CLANG_WARN_STRICT_PROTOTYPES = YES;
				CLANG_WARN_SUSPICIOUS_MOVE = YES;
				CLANG_WARN_UNGUARDED_AVAILABILITY = YES_AGGRESSIVE;
				CLANG_WARN_UNREACHABLE_CODE = YES;
				CLANG_WARN__DUPLICATE_METHOD_MATCH = YES;
				COPY_PHASE_STRIP = NO;
				DEBUG_INFORMATION_FORMAT = dwarf;
				ENABLE_STRICT_OBJC_MSGSEND = YES;
				ENABLE_TESTABILITY = YES;
				GCC_C_LANGUAGE_STANDARD = gnu11;
				GCC_DYNAMIC_NO_PIC = NO;
				GCC_NO_COMMON_BLOCKS = YES;
				GCC_OPTIMIZATION_LEVEL = 0;
				GCC_PREPROCESSOR_DEFINITIONS = (
					"DEBUG=1",
					"$(inherited)",
				);
				GCC_WARN_64_TO_32_BIT_CONVERSION = YES;
				GCC_WARN_ABOUT_RETURN_TYPE = YES_ERROR;
				GCC_WARN_UNDECLARED_SELECTOR = YES;
				GCC_WARN_UNINITIALIZED_AUTOS = YES_AGGRESSIVE;
				GCC_WARN_UNUSED_FUNCTION = YES;
				GCC_WARN_UNUSED_VARIABLE = YES;
				IPHONEOS_DEPLOYMENT_TARGET = 14.5;
				MTL_ENABLE_DEBUG_INFO = INCLUDE_SOURCE;
				MTL_FAST_MATH = YES;
				ONLY_ACTIVE_ARCH = YES;
				SDKROOT = iphoneos;
				SWIFT_ACTIVE_COMPILATION_CONDITIONS = DEBUG;
				SWIFT_OPTIMIZATION_LEVEL = "-Onone";
			};
			name = Debug;
		};
		F26CBAA5275460F000569876 /* Release */ = {
			isa = XCBuildConfiguration;
			buildSettings = {
				ALWAYS_SEARCH_USER_PATHS = NO;
				CLANG_ANALYZER_NONNULL = YES;
				CLANG_ANALYZER_NUMBER_OBJECT_CONVERSION = YES_AGGRESSIVE;
				CLANG_CXX_LANGUAGE_STANDARD = "gnu++14";
				CLANG_CXX_LIBRARY = "libc++";
				CLANG_ENABLE_MODULES = YES;
				CLANG_ENABLE_OBJC_ARC = YES;
				CLANG_ENABLE_OBJC_WEAK = YES;
				CLANG_WARN_BLOCK_CAPTURE_AUTORELEASING = YES;
				CLANG_WARN_BOOL_CONVERSION = YES;
				CLANG_WARN_COMMA = YES;
				CLANG_WARN_CONSTANT_CONVERSION = YES;
				CLANG_WARN_DEPRECATED_OBJC_IMPLEMENTATIONS = YES;
				CLANG_WARN_DIRECT_OBJC_ISA_USAGE = YES_ERROR;
				CLANG_WARN_DOCUMENTATION_COMMENTS = YES;
				CLANG_WARN_EMPTY_BODY = YES;
				CLANG_WARN_ENUM_CONVERSION = YES;
				CLANG_WARN_INFINITE_RECURSION = YES;
				CLANG_WARN_INT_CONVERSION = YES;
				CLANG_WARN_NON_LITERAL_NULL_CONVERSION = YES;
				CLANG_WARN_OBJC_IMPLICIT_RETAIN_SELF = YES;
				CLANG_WARN_OBJC_LITERAL_CONVERSION = YES;
				CLANG_WARN_OBJC_ROOT_CLASS = YES_ERROR;
				CLANG_WARN_QUOTED_INCLUDE_IN_FRAMEWORK_HEADER = YES;
				CLANG_WARN_RANGE_LOOP_ANALYSIS = YES;
				CLANG_WARN_STRICT_PROTOTYPES = YES;
				CLANG_WARN_SUSPICIOUS_MOVE = YES;
				CLANG_WARN_UNGUARDED_AVAILABILITY = YES_AGGRESSIVE;
				CLANG_WARN_UNREACHABLE_CODE = YES;
				CLANG_WARN__DUPLICATE_METHOD_MATCH = YES;
				COPY_PHASE_STRIP = NO;
				DEBUG_INFORMATION_FORMAT = "dwarf-with-dsym";
				ENABLE_NS_ASSERTIONS = NO;
				ENABLE_STRICT_OBJC_MSGSEND = YES;
				GCC_C_LANGUAGE_STANDARD = gnu11;
				GCC_NO_COMMON_BLOCKS = YES;
				GCC_WARN_64_TO_32_BIT_CONVERSION = YES;
				GCC_WARN_ABOUT_RETURN_TYPE = YES_ERROR;
				GCC_WARN_UNDECLARED_SELECTOR = YES;
				GCC_WARN_UNINITIALIZED_AUTOS = YES_AGGRESSIVE;
				GCC_WARN_UNUSED_FUNCTION = YES;
				GCC_WARN_UNUSED_VARIABLE = YES;
				IPHONEOS_DEPLOYMENT_TARGET = 14.5;
				MTL_ENABLE_DEBUG_INFO = NO;
				MTL_FAST_MATH = YES;
				SDKROOT = iphoneos;
				SWIFT_COMPILATION_MODE = wholemodule;
				SWIFT_OPTIMIZATION_LEVEL = "-O";
				VALIDATE_PRODUCT = YES;
			};
			name = Release;
		};
		F26CBAA7275460F000569876 /* Debug */ = {
			isa = XCBuildConfiguration;
			buildSettings = {
				ASSETCATALOG_COMPILER_APPICON_NAME = AppIcon;
				ASSETCATALOG_COMPILER_GLOBAL_ACCENT_COLOR_NAME = AccentColor;
				CODE_SIGN_STYLE = Automatic;
				DEVELOPMENT_ASSET_PATHS = "\"posefitMVP/Preview Content\"";
				ENABLE_PREVIEWS = YES;
				INFOPLIST_FILE = posefitMVP/Info.plist;
				IPHONEOS_DEPLOYMENT_TARGET = 14.0;
				LD_RUNPATH_SEARCH_PATHS = (
					"$(inherited)",
					"@executable_path/Frameworks",
				);
				PRODUCT_BUNDLE_IDENTIFIER = posefit.posefitMVP;
				PRODUCT_NAME = "$(TARGET_NAME)";
				SWIFT_VERSION = 5.0;
				TARGETED_DEVICE_FAMILY = "1,2";
			};
			name = Debug;
		};
		F26CBAA8275460F000569876 /* Release */ = {
			isa = XCBuildConfiguration;
			buildSettings = {
				ASSETCATALOG_COMPILER_APPICON_NAME = AppIcon;
				ASSETCATALOG_COMPILER_GLOBAL_ACCENT_COLOR_NAME = AccentColor;
				CODE_SIGN_STYLE = Automatic;
				DEVELOPMENT_ASSET_PATHS = "\"posefitMVP/Preview Content\"";
				ENABLE_PREVIEWS = YES;
				INFOPLIST_FILE = posefitMVP/Info.plist;
				IPHONEOS_DEPLOYMENT_TARGET = 14.0;
				LD_RUNPATH_SEARCH_PATHS = (
					"$(inherited)",
					"@executable_path/Frameworks",
				);
				PRODUCT_BUNDLE_IDENTIFIER = posefit.posefitMVP;
				PRODUCT_NAME = "$(TARGET_NAME)";
				SWIFT_VERSION = 5.0;
				TARGETED_DEVICE_FAMILY = "1,2";
			};
			name = Release;
		};
		F26CBAAA275460F000569876 /* Debug */ = {
			isa = XCBuildConfiguration;
			buildSettings = {
				ALWAYS_EMBED_SWIFT_STANDARD_LIBRARIES = YES;
				BUNDLE_LOADER = "$(TEST_HOST)";
				CODE_SIGN_STYLE = Automatic;
				INFOPLIST_FILE = posefitMVPTests/Info.plist;
				IPHONEOS_DEPLOYMENT_TARGET = 14.0;
				LD_RUNPATH_SEARCH_PATHS = (
					"$(inherited)",
					"@executable_path/Frameworks",
					"@loader_path/Frameworks",
				);
				PRODUCT_BUNDLE_IDENTIFIER = posefit.posefitMVPTests;
				PRODUCT_NAME = "$(TARGET_NAME)";
				SWIFT_VERSION = 5.0;
				TARGETED_DEVICE_FAMILY = "1,2";
				TEST_HOST = "$(BUILT_PRODUCTS_DIR)/posefitMVP.app/posefitMVP";
			};
			name = Debug;
		};
		F26CBAAB275460F000569876 /* Release */ = {
			isa = XCBuildConfiguration;
			buildSettings = {
				ALWAYS_EMBED_SWIFT_STANDARD_LIBRARIES = YES;
				BUNDLE_LOADER = "$(TEST_HOST)";
				CODE_SIGN_STYLE = Automatic;
				INFOPLIST_FILE = posefitMVPTests/Info.plist;
				IPHONEOS_DEPLOYMENT_TARGET = 14.0;
				LD_RUNPATH_SEARCH_PATHS = (
					"$(inherited)",
					"@executable_path/Frameworks",
					"@loader_path/Frameworks",
				);
				PRODUCT_BUNDLE_IDENTIFIER = posefit.posefitMVPTests;
				PRODUCT_NAME = "$(TARGET_NAME)";
				SWIFT_VERSION = 5.0;
				TARGETED_DEVICE_FAMILY = "1,2";
				TEST_HOST = "$(BUILT_PRODUCTS_DIR)/posefitMVP.app/posefitMVP";
			};
			name = Release;
		};
		F26CBAAD275460F000569876 /* Debug */ = {
			isa = XCBuildConfiguration;
			buildSettings = {
				ALWAYS_EMBED_SWIFT_STANDARD_LIBRARIES = YES;
				CODE_SIGN_STYLE = Automatic;
				INFOPLIST_FILE = posefitMVPUITests/Info.plist;
				LD_RUNPATH_SEARCH_PATHS = (
					"$(inherited)",
					"@executable_path/Frameworks",
					"@loader_path/Frameworks",
				);
				PRODUCT_BUNDLE_IDENTIFIER = posefit.posefitMVPUITests;
				PRODUCT_NAME = "$(TARGET_NAME)";
				SWIFT_VERSION = 5.0;
				TARGETED_DEVICE_FAMILY = "1,2";
				TEST_TARGET_NAME = posefitMVP;
			};
			name = Debug;
		};
		F26CBAAE275460F000569876 /* Release */ = {
			isa = XCBuildConfiguration;
			buildSettings = {
				ALWAYS_EMBED_SWIFT_STANDARD_LIBRARIES = YES;
				CODE_SIGN_STYLE = Automatic;
				INFOPLIST_FILE = posefitMVPUITests/Info.plist;
				LD_RUNPATH_SEARCH_PATHS = (
					"$(inherited)",
					"@executable_path/Frameworks",
					"@loader_path/Frameworks",
				);
				PRODUCT_BUNDLE_IDENTIFIER = posefit.posefitMVPUITests;
				PRODUCT_NAME = "$(TARGET_NAME)";
				SWIFT_VERSION = 5.0;
				TARGETED_DEVICE_FAMILY = "1,2";
				TEST_TARGET_NAME = posefitMVP;
			};
			name = Release;
		};
/* End XCBuildConfiguration section */

/* Begin XCConfigurationList section */
		F26CBA77275460EE00569876 /* Build configuration list for PBXProject "posefitMVP" */ = {
			isa = XCConfigurationList;
			buildConfigurations = (
				F26CBAA4275460F000569876 /* Debug */,
				F26CBAA5275460F000569876 /* Release */,
			);
			defaultConfigurationIsVisible = 0;
			defaultConfigurationName = Release;
		};
		F26CBAA6275460F000569876 /* Build configuration list for PBXNativeTarget "posefitMVP" */ = {
			isa = XCConfigurationList;
			buildConfigurations = (
				F26CBAA7275460F000569876 /* Debug */,
				F26CBAA8275460F000569876 /* Release */,
			);
			defaultConfigurationIsVisible = 0;
			defaultConfigurationName = Release;
		};
		F26CBAA9275460F000569876 /* Build configuration list for PBXNativeTarget "posefitMVPTests" */ = {
			isa = XCConfigurationList;
			buildConfigurations = (
				F26CBAAA275460F000569876 /* Debug */,
				F26CBAAB275460F000569876 /* Release */,
			);
			defaultConfigurationIsVisible = 0;
			defaultConfigurationName = Release;
		};
		F26CBAAC275460F000569876 /* Build configuration list for PBXNativeTarget "posefitMVPUITests" */ = {
			isa = XCConfigurationList;
			buildConfigurations = (
				F26CBAAD275460F000569876 /* Debug */,
				F26CBAAE275460F000569876 /* Release */,
			);
			defaultConfigurationIsVisible = 0;
			defaultConfigurationName = Release;
		};
/* End XCConfigurationList section */

/* Begin XCVersionGroup section */
		F26CBA8A275460EF00569876 /* posefitMVP.xcdatamodeld */ = {
			isa = XCVersionGroup;
			children = (
				F26CBA8B275460EF00569876 /* posefitMVP.xcdatamodel */,
			);
			currentVersion = F26CBA8B275460EF00569876 /* posefitMVP.xcdatamodel */;
			path = posefitMVP.xcdatamodeld;
			sourceTree = "<group>";
			versionGroupType = wrapper.xcdatamodel;
		};
/* End XCVersionGroup section */
	};
	rootObject = F26CBA74275460EE00569876 /* Project object */;
}
